
Microsoft Visual Studio Solution File, Format Version 12.00
# Visual Studio Version 16
VisualStudioVersion = 16.0.30804.86
MinimumVisualStudioVersion = 10.0.40219.1
Project("{FAE04EC0-301F-11D3-BF4B-00C04F79EFBC}") = "PersonenWeb", "PersonenWeb\PersonenWeb.csproj", "{D0801E70-580F-40C6-BD2D-630F1BD4B8FB}"
EndProject
Global
	GlobalSection(SolutionConfigurationPlatforms) = preSolution
		Debug|Any CPU = Debug|Any CPU
		Release|Any CPU = Release|Any CPU
	EndGlobalSection
	GlobalSection(ProjectConfigurationPlatforms) = postSolution
		{D0801E70-580F-40C6-BD2D-630F1BD4B8FB}.Debug|Any CPU.ActiveCfg = Debug|Any CPU
		{D0801E70-580F-40C6-BD2D-630F1BD4B8FB}.Debug|Any CPU.Build.0 = Debug|Any CPU
		{D0801E70-580F-40C6-BD2D-630F1BD4B8FB}.Release|Any CPU.ActiveCfg = Release|Any CPU
		{D0801E70-580F-40C6-BD2D-630F1BD4B8FB}.Release|Any CPU.Build.0 = Release|Any CPU
	EndGlobalSection
	GlobalSection(SolutionProperties) = preSolution
		HideSolutionNode = FALSE
	EndGlobalSection
	GlobalSection(ExtensibilityGlobals) = postSolution
		SolutionGuid = {08DF0B6F-7C2D-4B6D-AE77-4C374BD02159}
	EndGlobalSection
EndGlobal
