
Microsoft Visual Studio Solution File, Format Version 12.00
# Visual Studio Version 16
VisualStudioVersion = 16.0.30804.86
MinimumVisualStudioVersion = 10.0.40219.1
Project("{9A19103F-16F7-4668-BE54-9A1E7A4F7556}") = "LangerMann", "LangerMann\LangerMann.csproj", "{2711DE05-9C91-4F06-A266-20C40AAD3128}"
EndProject
Global
	GlobalSection(SolutionConfigurationPlatforms) = preSolution
		Debug|Any CPU = Debug|Any CPU
		Release|Any CPU = Release|Any CPU
	EndGlobalSection
	GlobalSection(ProjectConfigurationPlatforms) = postSolution
		{2711DE05-9C91-4F06-A266-20C40AAD3128}.Debug|Any CPU.ActiveCfg = Debug|Any CPU
		{2711DE05-9C91-4F06-A266-20C40AAD3128}.Debug|Any CPU.Build.0 = Debug|Any CPU
		{2711DE05-9C91-4F06-A266-20C40AAD3128}.Release|Any CPU.ActiveCfg = Release|Any CPU
		{2711DE05-9C91-4F06-A266-20C40AAD3128}.Release|Any CPU.Build.0 = Release|Any CPU
	EndGlobalSection
	GlobalSection(SolutionProperties) = preSolution
		HideSolutionNode = FALSE
	EndGlobalSection
	GlobalSection(ExtensibilityGlobals) = postSolution
		SolutionGuid = {C22FCC79-1F35-432A-933F-CAB9B357A401}
	EndGlobalSection
EndGlobal
