
Microsoft Visual Studio Solution File, Format Version 12.00
# Visual Studio Version 16
VisualStudioVersion = 16.0.30320.27
MinimumVisualStudioVersion = 10.0.40219.1
Project("{FAE04EC0-301F-11D3-BF4B-00C04F79EFBC}") = "Tag3_02KettenProjekt", "Tag3_02KettenProjekt\Tag3_02KettenProjekt.csproj", "{4778D2B1-80D6-4D27-8D52-40A257E92414}"
EndProject
Global
	GlobalSection(SolutionConfigurationPlatforms) = preSolution
		Debug|Any CPU = Debug|Any CPU
		Release|Any CPU = Release|Any CPU
	EndGlobalSection
	GlobalSection(ProjectConfigurationPlatforms) = postSolution
		{4778D2B1-80D6-4D27-8D52-40A257E92414}.Debug|Any CPU.ActiveCfg = Debug|Any CPU
		{4778D2B1-80D6-4D27-8D52-40A257E92414}.Debug|Any CPU.Build.0 = Debug|Any CPU
		{4778D2B1-80D6-4D27-8D52-40A257E92414}.Release|Any CPU.ActiveCfg = Release|Any CPU
		{4778D2B1-80D6-4D27-8D52-40A257E92414}.Release|Any CPU.Build.0 = Release|Any CPU
	EndGlobalSection
	GlobalSection(SolutionProperties) = preSolution
		HideSolutionNode = FALSE
	EndGlobalSection
	GlobalSection(ExtensibilityGlobals) = postSolution
		SolutionGuid = {DB5A1026-C978-4563-BF1A-0280D94E098D}
	EndGlobalSection
EndGlobal
