
Microsoft Visual Studio Solution File, Format Version 12.00
# Visual Studio Version 16
VisualStudioVersion = 16.0.30804.86
MinimumVisualStudioVersion = 10.0.40219.1
Project("{FAE04EC0-301F-11D3-BF4B-00C04F79EFBC}") = "FirstEFProject", "FirstEFProject\FirstEFProject.csproj", "{346E6E2E-F383-4897-BBEE-4E50A7640E08}"
EndProject
Global
	GlobalSection(SolutionConfigurationPlatforms) = preSolution
		Debug|Any CPU = Debug|Any CPU
		Release|Any CPU = Release|Any CPU
	EndGlobalSection
	GlobalSection(ProjectConfigurationPlatforms) = postSolution
		{346E6E2E-F383-4897-BBEE-4E50A7640E08}.Debug|Any CPU.ActiveCfg = Debug|Any CPU
		{346E6E2E-F383-4897-BBEE-4E50A7640E08}.Debug|Any CPU.Build.0 = Debug|Any CPU
		{346E6E2E-F383-4897-BBEE-4E50A7640E08}.Release|Any CPU.ActiveCfg = Release|Any CPU
		{346E6E2E-F383-4897-BBEE-4E50A7640E08}.Release|Any CPU.Build.0 = Release|Any CPU
	EndGlobalSection
	GlobalSection(SolutionProperties) = preSolution
		HideSolutionNode = FALSE
	EndGlobalSection
	GlobalSection(ExtensibilityGlobals) = postSolution
		SolutionGuid = {2C511E06-C018-4C69-892E-76D5DE7B6BFA}
	EndGlobalSection
EndGlobal
