
Microsoft Visual Studio Solution File, Format Version 12.00
# Visual Studio Version 16
VisualStudioVersion = 16.0.31005.135
MinimumVisualStudioVersion = 10.0.40219.1
Project("{FAE04EC0-301F-11D3-BF4B-00C04F79EFBC}") = "BBk.Rc1.Ricis.RepoLend", "BBk.Rc1.Ricis.RepoLend\BBk.Rc1.Ricis.RepoLend.csproj", "{661B6BDD-4C8D-43EE-AAD0-94A28202C8C4}"
EndProject
Global
	GlobalSection(SolutionConfigurationPlatforms) = preSolution
		Debug|Any CPU = Debug|Any CPU
		Release|Any CPU = Release|Any CPU
	EndGlobalSection
	GlobalSection(ProjectConfigurationPlatforms) = postSolution
		{661B6BDD-4C8D-43EE-AAD0-94A28202C8C4}.Debug|Any CPU.ActiveCfg = Debug|Any CPU
		{661B6BDD-4C8D-43EE-AAD0-94A28202C8C4}.Debug|Any CPU.Build.0 = Debug|Any CPU
		{661B6BDD-4C8D-43EE-AAD0-94A28202C8C4}.Release|Any CPU.ActiveCfg = Release|Any CPU
		{661B6BDD-4C8D-43EE-AAD0-94A28202C8C4}.Release|Any CPU.Build.0 = Release|Any CPU
	EndGlobalSection
	GlobalSection(SolutionProperties) = preSolution
		HideSolutionNode = FALSE
	EndGlobalSection
	GlobalSection(ExtensibilityGlobals) = postSolution
		SolutionGuid = {96287FF2-94D9-48CA-BE53-20A9997807D5}
	EndGlobalSection
EndGlobal
