
Microsoft Visual Studio Solution File, Format Version 12.00
# Visual Studio Version 16
VisualStudioVersion = 16.0.30804.86
MinimumVisualStudioVersion = 10.0.40219.1
Project("{FAE04EC0-301F-11D3-BF4B-00C04F79EFBC}") = "JobLauncherProjekt", "JobLauncherProjekt\JobLauncherProjekt.csproj", "{7264F9DD-06E9-453E-9CD4-CDB61973C8CD}"
EndProject
Project("{FAE04EC0-301F-11D3-BF4B-00C04F79EFBC}") = "RicisBatch", "RicisBatch\RicisBatch.csproj", "{9223B461-7B15-4001-8776-79154EB6E3D7}"
EndProject
Global
	GlobalSection(SolutionConfigurationPlatforms) = preSolution
		Debug|Any CPU = Debug|Any CPU
		Release|Any CPU = Release|Any CPU
	EndGlobalSection
	GlobalSection(ProjectConfigurationPlatforms) = postSolution
		{7264F9DD-06E9-453E-9CD4-CDB61973C8CD}.Debug|Any CPU.ActiveCfg = Debug|Any CPU
		{7264F9DD-06E9-453E-9CD4-CDB61973C8CD}.Debug|Any CPU.Build.0 = Debug|Any CPU
		{7264F9DD-06E9-453E-9CD4-CDB61973C8CD}.Release|Any CPU.ActiveCfg = Release|Any CPU
		{7264F9DD-06E9-453E-9CD4-CDB61973C8CD}.Release|Any CPU.Build.0 = Release|Any CPU
		{9223B461-7B15-4001-8776-79154EB6E3D7}.Debug|Any CPU.ActiveCfg = Debug|Any CPU
		{9223B461-7B15-4001-8776-79154EB6E3D7}.Debug|Any CPU.Build.0 = Debug|Any CPU
		{9223B461-7B15-4001-8776-79154EB6E3D7}.Release|Any CPU.ActiveCfg = Release|Any CPU
		{9223B461-7B15-4001-8776-79154EB6E3D7}.Release|Any CPU.Build.0 = Release|Any CPU
	EndGlobalSection
	GlobalSection(SolutionProperties) = preSolution
		HideSolutionNode = FALSE
	EndGlobalSection
	GlobalSection(ExtensibilityGlobals) = postSolution
		SolutionGuid = {076564D8-FA84-4110-AE44-DC8547FF2BE1}
	EndGlobalSection
EndGlobal
