
Microsoft Visual Studio Solution File, Format Version 12.00
# Visual Studio Version 16
VisualStudioVersion = 16.0.30517.126
MinimumVisualStudioVersion = 10.0.40219.1
Project("{FAE04EC0-301F-11D3-BF4B-00C04F79EFBC}") = "Tag3_01Template", "Tag3_01Template\Tag3_01Template.csproj", "{C21EC36E-84CA-4A1B-B99E-A63FB5B61611}"
EndProject
Global
	GlobalSection(SolutionConfigurationPlatforms) = preSolution
		Debug|Any CPU = Debug|Any CPU
		Release|Any CPU = Release|Any CPU
	EndGlobalSection
	GlobalSection(ProjectConfigurationPlatforms) = postSolution
		{C21EC36E-84CA-4A1B-B99E-A63FB5B61611}.Debug|Any CPU.ActiveCfg = Debug|Any CPU
		{C21EC36E-84CA-4A1B-B99E-A63FB5B61611}.Debug|Any CPU.Build.0 = Debug|Any CPU
		{C21EC36E-84CA-4A1B-B99E-A63FB5B61611}.Release|Any CPU.ActiveCfg = Release|Any CPU
		{C21EC36E-84CA-4A1B-B99E-A63FB5B61611}.Release|Any CPU.Build.0 = Release|Any CPU
	EndGlobalSection
	GlobalSection(SolutionProperties) = preSolution
		HideSolutionNode = FALSE
	EndGlobalSection
	GlobalSection(ExtensibilityGlobals) = postSolution
		SolutionGuid = {B07C2D49-4E36-4001-9D60-235AADF21451}
	EndGlobalSection
EndGlobal
